// !$*UTF8*$!
{
	archiveVersion = 1;
	classes = {
	};
	objectVersion = 77;
	objects = {

/* Begin PBXBuildFile section */
		B27C78C32D47E1B600EA4DFA /* SauceBarbe.otf in Resources */ = {isa = PBXBuildFile; fileRef = B27C78C22D47E1B600EA4DFA /* SauceBarbe.otf */; };
/* End PBXBuildFile section */

/* Begin PBXContainerItemProxy section */
		B20E61532D47DC77001B3AF6 /* PBXContainerItemProxy */ = {
			isa = PBXContainerItemProxy;
			containerPortal = B20E613A2D47DC76001B3AF6 /* Project object */;
			proxyType = 1;
			remoteGlobalIDString = B20E61412D47DC76001B3AF6;
			remoteInfo = "Volunteer Hour App";
		};
		B20E615D2D47DC77001B3AF6 /* PBXContainerItemProxy */ = {
			isa = PBXContainerItemProxy;
			containerPortal = B20E613A2D47DC76001B3AF6 /* Project object */;
			proxyType = 1;
			remoteGlobalIDString = B20E61412D47DC76001B3AF6;
			remoteInfo = "Volunteer Hour App";
		};
/* End PBXContainerItemProxy section */

/* Begin PBXFileReference section */
		B20E61422D47DC77001B3AF6 /* Volunteer Hour App.app */ = {isa = PBXFileReference; explicitFileType = wrapper.application; includeInIndex = 0; path = "Volunteer Hour App.app"; sourceTree = BUILT_PRODUCTS_DIR; };
		B20E61522D47DC77001B3AF6 /* Volunteer Hour AppTests.xctest */ = {isa = PBXFileReference; explicitFileType = wrapper.cfbundle; includeInIndex = 0; path = "Volunteer Hour AppTests.xctest"; sourceTree = BUILT_PRODUCTS_DIR; };
		B20E615C2D47DC77001B3AF6 /* Volunteer Hour AppUITests.xctest */ = {isa = PBXFileReference; explicitFileType = wrapper.cfbundle; includeInIndex = 0; path = "Volunteer Hour AppUITests.xctest"; sourceTree = BUILT_PRODUCTS_DIR; };
		B27C78C22D47E1B600EA4DFA /* SauceBarbe.otf */ = {isa = PBXFileReference; lastKnownFileType = file; path = SauceBarbe.otf; sourceTree = "<group>"; };
/* End PBXFileReference section */

/* Begin PBXFileSystemSynchronizedRootGroup section */
		B20E61442D47DC77001B3AF6 /* Volunteer Hour App */ = {
			isa = PBXFileSystemSynchronizedRootGroup;
			path = "Volunteer Hour App";
			sourceTree = "<group>";
		};
		B20E61552D47DC77001B3AF6 /* Volunteer Hour AppTests */ = {
			isa = PBXFileSystemSynchronizedRootGroup;
			path = "Volunteer Hour AppTests";
			sourceTree = "<group>";
		};
		B20E615F2D47DC77001B3AF6 /* Volunteer Hour AppUITests */ = {
			isa = PBXFileSystemSynchronizedRootGroup;
			path = "Volunteer Hour AppUITests";
			sourceTree = "<group>";
		};
/* End PBXFileSystemSynchronizedRootGroup section */

/* Begin PBXFrameworksBuildPhase section */
		B20E613F2D47DC76001B3AF6 /* Frameworks */ = {
			isa = PBXFrameworksBuildPhase;
			buildActionMask = 2147483647;
			files = (
			);
			runOnlyForDeploymentPostprocessing = 0;
		};
		B20E614F2D47DC77001B3AF6 /* Frameworks */ = {
			isa = PBXFrameworksBuildPhase;
			buildActionMask = 2147483647;
			files = (
			);
			runOnlyForDeploymentPostprocessing = 0;
		};
		B20E61592D47DC77001B3AF6 /* Frameworks */ = {
			isa = PBXFrameworksBuildPhase;
			buildActionMask = 2147483647;
			files = (
			);
			runOnlyForDeploymentPostprocessing = 0;
		};
/* End PBXFrameworksBuildPhase section */

/* Begin PBXGroup section */
		B20E61392D47DC76001B3AF6 = {
			isa = PBXGroup;
			children = (
				B27C78C22D47E1B600EA4DFA /* SauceBarbe.otf */,
				B20E61442D47DC77001B3AF6 /* Volunteer Hour App */,
				B20E61552D47DC77001B3AF6 /* Volunteer Hour AppTests */,
				B20E615F2D47DC77001B3AF6 /* Volunteer Hour AppUITests */,
				B20E61432D47DC77001B3AF6 /* Products */,
			);
			sourceTree = "<group>";
		};
		B20E61432D47DC77001B3AF6 /* Products */ = {
			isa = PBXGroup;
			children = (
				B20E61422D47DC77001B3AF6 /* Volunteer Hour App.app */,
				B20E61522D47DC77001B3AF6 /* Volunteer Hour AppTests.xctest */,
				B20E615C2D47DC77001B3AF6 /* Volunteer Hour AppUITests.xctest */,
			);
			name = Products;
			sourceTree = "<group>";
		};
/* End PBXGroup section */

/* Begin PBXNativeTarget section */
		B20E61412D47DC76001B3AF6 /* Volunteer Hour App */ = {
			isa = PBXNativeTarget;
			buildConfigurationList = B20E61662D47DC77001B3AF6 /* Build configuration list for PBXNativeTarget "Volunteer Hour App" */;
			buildPhases = (
				B20E613E2D47DC76001B3AF6 /* Sources */,
				B20E613F2D47DC76001B3AF6 /* Frameworks */,
				B20E61402D47DC76001B3AF6 /* Resources */,
			);
			buildRules = (
			);
			dependencies = (
			);
			fileSystemSynchronizedGroups = (
				B20E61442D47DC77001B3AF6 /* Volunteer Hour App */,
			);
			name = "Volunteer Hour App";
			packageProductDependencies = (
			);
			productName = "Volunteer Hour App";
			productReference = B20E61422D47DC77001B3AF6 /* Volunteer Hour App.app */;
			productType = "com.apple.product-type.application";
		};
		B20E61512D47DC77001B3AF6 /* Volunteer Hour AppTests */ = {
			isa = PBXNativeTarget;
			buildConfigurationList = B20E61692D47DC77001B3AF6 /* Build configuration list for PBXNativeTarget "Volunteer Hour AppTests" */;
			buildPhases = (
				B20E614E2D47DC77001B3AF6 /* Sources */,
				B20E614F2D47DC77001B3AF6 /* Frameworks */,
				B20E61502D47DC77001B3AF6 /* Resources */,
			);
			buildRules = (
			);
			dependencies = (
				B20E61542D47DC77001B3AF6 /* PBXTargetDependency */,
			);
			fileSystemSynchronizedGroups = (
				B20E61552D47DC77001B3AF6 /* Volunteer Hour AppTests */,
			);
			name = "Volunteer Hour AppTests";
			packageProductDependencies = (
			);
			productName = "Volunteer Hour AppTests";
			productReference = B20E61522D47DC77001B3AF6 /* Volunteer Hour AppTests.xctest */;
			productType = "com.apple.product-type.bundle.unit-test";
		};
		B20E615B2D47DC77001B3AF6 /* Volunteer Hour AppUITests */ = {
			isa = PBXNativeTarget;
			buildConfigurationList = B20E616C2D47DC77001B3AF6 /* Build configuration list for PBXNativeTarget "Volunteer Hour AppUITests" */;
			buildPhases = (
				B20E61582D47DC77001B3AF6 /* Sources */,
				B20E61592D47DC77001B3AF6 /* Frameworks */,
				B20E615A2D47DC77001B3AF6 /* Resources */,
			);
			buildRules = (
			);
			dependencies = (
				B20E615E2D47DC77001B3AF6 /* PBXTargetDependency */,
			);
			fileSystemSynchronizedGroups = (
				B20E615F2D47DC77001B3AF6 /* Volunteer Hour AppUITests */,
			);
			name = "Volunteer Hour AppUITests";
			packageProductDependencies = (
			);
			productName = "Volunteer Hour AppUITests";
			productReference = B20E615C2D47DC77001B3AF6 /* Volunteer Hour AppUITests.xctest */;
			productType = "com.apple.product-type.bundle.ui-testing";
		};
/* End PBXNativeTarget section */

/* Begin PBXProject section */
		B20E613A2D47DC76001B3AF6 /* Project object */ = {
			isa = PBXProject;
			attributes = {
				BuildIndependentTargetsInParallel = 1;
				LastSwiftUpdateCheck = 1600;
				LastUpgradeCheck = 1600;
				TargetAttributes = {
					B20E61412D47DC76001B3AF6 = {
						CreatedOnToolsVersion = 16.0;
					};
					B20E61512D47DC77001B3AF6 = {
						CreatedOnToolsVersion = 16.0;
						TestTargetID = B20E61412D47DC76001B3AF6;
					};
					B20E615B2D47DC77001B3AF6 = {
						CreatedOnToolsVersion = 16.0;
						TestTargetID = B20E61412D47DC76001B3AF6;
					};
				};
			};
			buildConfigurationList = B20E613D2D47DC76001B3AF6 /* Build configuration list for PBXProject "Volunteer Hour App" */;
			developmentRegion = en;
			hasScannedForEncodings = 0;
			knownRegions = (
				en,
				Base,
			);
			mainGroup = B20E61392D47DC76001B3AF6;
			minimizedProjectReferenceProxies = 1;
			preferredProjectObjectVersion = 77;
			productRefGroup = B20E61432D47DC77001B3AF6 /* Products */;
			projectDirPath = "";
			projectRoot = "";
			targets = (
				B20E61412D47DC76001B3AF6 /* Volunteer Hour App */,
				B20E61512D47DC77001B3AF6 /* Volunteer Hour AppTests */,
				B20E615B2D47DC77001B3AF6 /* Volunteer Hour AppUITests */,
			);
		};
/* End PBXProject section */

/* Begin PBXResourcesBuildPhase section */
		B20E61402D47DC76001B3AF6 /* Resources */ = {
			isa = PBXResourcesBuildPhase;
			buildActionMask = 2147483647;
			files = (
				B27C78C32D47E1B600EA4DFA /* SauceBarbe.otf in Resources */,
			);
			runOnlyForDeploymentPostprocessing = 0;
		};
		B20E61502D47DC77001B3AF6 /* Resources */ = {
			isa = PBXResourcesBuildPhase;
			buildActionMask = 2147483647;
			files = (
			);
			runOnlyForDeploymentPostprocessing = 0;
		};
		B20E615A2D47DC77001B3AF6 /* Resources */ = {
			isa = PBXResourcesBuildPhase;
			buildActionMask = 2147483647;
			files = (
			);
			runOnlyForDeploymentPostprocessing = 0;
		};
/* End PBXResourcesBuildPhase section */

/* Begin PBXSourcesBuildPhase section */
		B20E613E2D47DC76001B3AF6 /* Sources */ = {
			isa = PBXSourcesBuildPhase;
			buildActionMask = 2147483647;
			files = (
			);
			runOnlyForDeploymentPostprocessing = 0;
		};
		B20E614E2D47DC77001B3AF6 /* Sources */ = {
			isa = PBXSourcesBuildPhase;
			buildActionMask = 2147483647;
			files = (
			);
			runOnlyForDeploymentPostprocessing = 0;
		};
		B20E61582D47DC77001B3AF6 /* Sources */ = {
			isa = PBXSourcesBuildPhase;
			buildActionMask = 2147483647;
			files = (
			);
			runOnlyForDeploymentPostprocessing = 0;
		};
/* End PBXSourcesBuildPhase section */

/* Begin PBXTargetDependency section */
		B20E61542D47DC77001B3AF6 /* PBXTargetDependency */ = {
			isa = PBXTargetDependency;
			target = B20E61412D47DC76001B3AF6 /* Volunteer Hour App */;
			targetProxy = B20E61532D47DC77001B3AF6 /* PBXContainerItemProxy */;
		};
		B20E615E2D47DC77001B3AF6 /* PBXTargetDependency */ = {
			isa = PBXTargetDependency;
			target = B20E61412D47DC76001B3AF6 /* Volunteer Hour App */;
			targetProxy = B20E615D2D47DC77001B3AF6 /* PBXContainerItemProxy */;
		};
/* End PBXTargetDependency section */

/* Begin XCBuildConfiguration section */
		B20E61642D47DC77001B3AF6 /* Debug */ = {
			isa = XCBuildConfiguration;
			buildSettings = {
				ALWAYS_SEARCH_USER_PATHS = NO;
				ASSETCATALOG_COMPILER_GENERATE_SWIFT_ASSET_SYMBOL_EXTENSIONS = YES;
				CLANG_ANALYZER_NONNULL = YES;
				CLANG_ANALYZER_NUMBER_OBJECT_CONVERSION = YES_AGGRESSIVE;
				CLANG_CXX_LANGUAGE_STANDARD = "gnu++20";
				CLANG_ENABLE_MODULES = YES;
				CLANG_ENABLE_OBJC_ARC = YES;
				CLANG_ENABLE_OBJC_WEAK = YES;
				CLANG_WARN_BLOCK_CAPTURE_AUTORELEASING = YES;
				CLANG_WARN_BOOL_CONVERSION = YES;
				CLANG_WARN_COMMA = YES;
				CLANG_WARN_CONSTANT_CONVERSION = YES;
				CLANG_WARN_DEPRECATED_OBJC_IMPLEMENTATIONS = YES;
				CLANG_WARN_DIRECT_OBJC_ISA_USAGE = YES_ERROR;
				CLANG_WARN_DOCUMENTATION_COMMENTS = YES;
				CLANG_WARN_EMPTY_BODY = YES;
				CLANG_WARN_ENUM_CONVERSION = YES;
				CLANG_WARN_INFINITE_RECURSION = YES;
				CLANG_WARN_INT_CONVERSION = YES;
				CLANG_WARN_NON_LITERAL_NULL_CONVERSION = YES;
				CLANG_WARN_OBJC_IMPLICIT_RETAIN_SELF = YES;
				CLANG_WARN_OBJC_LITERAL_CONVERSION = YES;
				CLANG_WARN_OBJC_ROOT_CLASS = YES_ERROR;
				CLANG_WARN_QUOTED_INCLUDE_IN_FRAMEWORK_HEADER = YES;
				CLANG_WARN_RANGE_LOOP_ANALYSIS = YES;
				CLANG_WARN_STRICT_PROTOTYPES = YES;
				CLANG_WARN_SUSPICIOUS_MOVE = YES;
				CLANG_WARN_UNGUARDED_AVAILABILITY = YES_AGGRESSIVE;
				CLANG_WARN_UNREACHABLE_CODE = YES;
				CLANG_WARN__DUPLICATE_METHOD_MATCH = YES;
				COPY_PHASE_STRIP = NO;
				DEBUG_INFORMATION_FORMAT = dwarf;
				ENABLE_STRICT_OBJC_MSGSEND = YES;
				ENABLE_TESTABILITY = YES;
				ENABLE_USER_SCRIPT_SANDBOXING = YES;
				GCC_C_LANGUAGE_STANDARD = gnu17;
				GCC_DYNAMIC_NO_PIC = NO;
				GCC_NO_COMMON_BLOCKS = YES;
				GCC_OPTIMIZATION_LEVEL = 0;
				GCC_PREPROCESSOR_DEFINITIONS = (
					"DEBUG=1",
					"$(inherited)",
				);
				GCC_WARN_64_TO_32_BIT_CONVERSION = YES;
				GCC_WARN_ABOUT_RETURN_TYPE = YES_ERROR;
				GCC_WARN_UNDECLARED_SELECTOR = YES;
				GCC_WARN_UNINITIALIZED_AUTOS = YES_AGGRESSIVE;
				GCC_WARN_UNUSED_FUNCTION = YES;
				GCC_WARN_UNUSED_VARIABLE = YES;
				IPHONEOS_DEPLOYMENT_TARGET = 18.0;
				LOCALIZATION_PREFERS_STRING_CATALOGS = YES;
				MTL_ENABLE_DEBUG_INFO = INCLUDE_SOURCE;
				MTL_FAST_MATH = YES;
				ONLY_ACTIVE_ARCH = YES;
				SDKROOT = iphoneos;
				SWIFT_ACTIVE_COMPILATION_CONDITIONS = "DEBUG $(inherited)";
				SWIFT_OPTIMIZATION_LEVEL = "-Onone";
			};
			name = Debug;
		};
		B20E61652D47DC77001B3AF6 /* Release */ = {
			isa = XCBuildConfiguration;
			buildSettings = {
				ALWAYS_SEARCH_USER_PATHS = NO;
				ASSETCATALOG_COMPILER_GENERATE_SWIFT_ASSET_SYMBOL_EXTENSIONS = YES;
				CLANG_ANALYZER_NONNULL = YES;
				CLANG_ANALYZER_NUMBER_OBJECT_CONVERSION = YES_AGGRESSIVE;
				CLANG_CXX_LANGUAGE_STANDARD = "gnu++20";
				CLANG_ENABLE_MODULES = YES;
				CLANG_ENABLE_OBJC_ARC = YES;
				CLANG_ENABLE_OBJC_WEAK = YES;
				CLANG_WARN_BLOCK_CAPTURE_AUTORELEASING = YES;
				CLANG_WARN_BOOL_CONVERSION = YES;
				CLANG_WARN_COMMA = YES;
				CLANG_WARN_CONSTANT_CONVERSION = YES;
				CLANG_WARN_DEPRECATED_OBJC_IMPLEMENTATIONS = YES;
				CLANG_WARN_DIRECT_OBJC_ISA_USAGE = YES_ERROR;
				CLANG_WARN_DOCUMENTATION_COMMENTS = YES;
				CLANG_WARN_EMPTY_BODY = YES;
				CLANG_WARN_ENUM_CONVERSION = YES;
				CLANG_WARN_INFINITE_RECURSION = YES;
				CLANG_WARN_INT_CONVERSION = YES;
				CLANG_WARN_NON_LITERAL_NULL_CONVERSION = YES;
				CLANG_WARN_OBJC_IMPLICIT_RETAIN_SELF = YES;
				CLANG_WARN_OBJC_LITERAL_CONVERSION = YES;
				CLANG_WARN_OBJC_ROOT_CLASS = YES_ERROR;
				CLANG_WARN_QUOTED_INCLUDE_IN_FRAMEWORK_HEADER = YES;
				CLANG_WARN_RANGE_LOOP_ANALYSIS = YES;
				CLANG_WARN_STRICT_PROTOTYPES = YES;
				CLANG_WARN_SUSPICIOUS_MOVE = YES;
				CLANG_WARN_UNGUARDED_AVAILABILITY = YES_AGGRESSIVE;
				CLANG_WARN_UNREACHABLE_CODE = YES;
				CLANG_WARN__DUPLICATE_METHOD_MATCH = YES;
				COPY_PHASE_STRIP = NO;
				DEBUG_INFORMATION_FORMAT = "dwarf-with-dsym";
				ENABLE_NS_ASSERTIONS = NO;
				ENABLE_STRICT_OBJC_MSGSEND = YES;
				ENABLE_USER_SCRIPT_SANDBOXING = YES;
				GCC_C_LANGUAGE_STANDARD = gnu17;
				GCC_NO_COMMON_BLOCKS = YES;
				GCC_WARN_64_TO_32_BIT_CONVERSION = YES;
				GCC_WARN_ABOUT_RETURN_TYPE = YES_ERROR;
				GCC_WARN_UNDECLARED_SELECTOR = YES;
				GCC_WARN_UNINITIALIZED_AUTOS = YES_AGGRESSIVE;
				GCC_WARN_UNUSED_FUNCTION = YES;
				GCC_WARN_UNUSED_VARIABLE = YES;
				IPHONEOS_DEPLOYMENT_TARGET = 18.0;
				LOCALIZATION_PREFERS_STRING_CATALOGS = YES;
				MTL_ENABLE_DEBUG_INFO = NO;
				MTL_FAST_MATH = YES;
				SDKROOT = iphoneos;
				SWIFT_COMPILATION_MODE = wholemodule;
				VALIDATE_PRODUCT = YES;
			};
			name = Release;
		};
		B20E61672D47DC77001B3AF6 /* Debug */ = {
			isa = XCBuildConfiguration;
			buildSettings = {
				ASSETCATALOG_COMPILER_APPICON_NAME = AppIcon;
				ASSETCATALOG_COMPILER_GLOBAL_ACCENT_COLOR_NAME = AccentColor;
				CODE_SIGN_STYLE = Automatic;
				CURRENT_PROJECT_VERSION = 1;
				DEVELOPMENT_ASSET_PATHS = "\"Volunteer Hour App/Preview Content\"";
				DEVELOPMENT_TEAM = NS2WHS7X88;
				ENABLE_PREVIEWS = YES;
				GENERATE_INFOPLIST_FILE = YES;
				INFOPLIST_FILE = "Volunteer-Hour-App-Info.plist";
				INFOPLIST_KEY_UIApplicationSceneManifest_Generation = YES;
				INFOPLIST_KEY_UIApplicationSupportsIndirectInputEvents = YES;
				INFOPLIST_KEY_UILaunchScreen_Generation = YES;
				INFOPLIST_KEY_UISupportedInterfaceOrientations_iPad = "UIInterfaceOrientationPortrait UIInterfaceOrientationPortraitUpsideDown UIInterfaceOrientationLandscapeLeft UIInterfaceOrientationLandscapeRight";
				INFOPLIST_KEY_UISupportedInterfaceOrientations_iPhone = "UIInterfaceOrientationPortrait UIInterfaceOrientationLandscapeLeft UIInterfaceOrientationLandscapeRight";
				LD_RUNPATH_SEARCH_PATHS = (
					"$(inherited)",
					"@executable_path/Frameworks",
				);
				MARKETING_VERSION = 1.0;
				PRODUCT_BUNDLE_IDENTIFIER = "Scarfy.Volunteer-Hour-App";
				PRODUCT_NAME = "$(TARGET_NAME)";
				SWIFT_EMIT_LOC_STRINGS = YES;
				SWIFT_VERSION = 5.0;
				TARGETED_DEVICE_FAMILY = "1,2";
			};
			name = Debug;
		};
		B20E61682D47DC77001B3AF6 /* Release */ = {
			isa = XCBuildConfiguration;
			buildSettings = {
				ASSETCATALOG_COMPILER_APPICON_NAME = AppIcon;
				ASSETCATALOG_COMPILER_GLOBAL_ACCENT_COLOR_NAME = AccentColor;
				CODE_SIGN_STYLE = Automatic;
				CURRENT_PROJECT_VERSION = 1;
				DEVELOPMENT_ASSET_PATHS = "\"Volunteer Hour App/Preview Content\"";
				DEVELOPMENT_TEAM = NS2WHS7X88;
				ENABLE_PREVIEWS = YES;
				GENERATE_INFOPLIST_FILE = YES;
				INFOPLIST_FILE = "Volunteer-Hour-App-Info.plist";
				INFOPLIST_KEY_UIApplicationSceneManifest_Generation = YES;
				INFOPLIST_KEY_UIApplicationSupportsIndirectInputEvents = YES;
				INFOPLIST_KEY_UILaunchScreen_Generation = YES;
				INFOPLIST_KEY_UISupportedInterfaceOrientations_iPad = "UIInterfaceOrientationPortrait UIInterfaceOrientationPortraitUpsideDown UIInterfaceOrientationLandscapeLeft UIInterfaceOrientationLandscapeRight";
				INFOPLIST_KEY_UISupportedInterfaceOrientations_iPhone = "UIInterfaceOrientationPortrait UIInterfaceOrientationLandscapeLeft UIInterfaceOrientationLandscapeRight";
				LD_RUNPATH_SEARCH_PATHS = (
					"$(inherited)",
					"@executable_path/Frameworks",
				);
				MARKETING_VERSION = 1.0;
				PRODUCT_BUNDLE_IDENTIFIER = "Scarfy.Volunteer-Hour-App";
				PRODUCT_NAME = "$(TARGET_NAME)";
				SWIFT_EMIT_LOC_STRINGS = YES;
				SWIFT_VERSION = 5.0;
				TARGETED_DEVICE_FAMILY = "1,2";
			};
			name = Release;
		};
		B20E616A2D47DC77001B3AF6 /* Debug */ = {
			isa = XCBuildConfiguration;
			buildSettings = {
				BUNDLE_LOADER = "$(TEST_HOST)";
				CODE_SIGN_STYLE = Automatic;
				CURRENT_PROJECT_VERSION = 1;
				DEVELOPMENT_TEAM = NS2WHS7X88;
				GENERATE_INFOPLIST_FILE = YES;
				IPHONEOS_DEPLOYMENT_TARGET = 18.0;
				MARKETING_VERSION = 1.0;
				PRODUCT_BUNDLE_IDENTIFIER = "Scarfy.Volunteer-Hour-AppTests";
				PRODUCT_NAME = "$(TARGET_NAME)";
				SWIFT_EMIT_LOC_STRINGS = NO;
				SWIFT_VERSION = 5.0;
				TARGETED_DEVICE_FAMILY = "1,2";
				TEST_HOST = "$(BUILT_PRODUCTS_DIR)/Volunteer Hour App.app/$(BUNDLE_EXECUTABLE_FOLDER_PATH)/Volunteer Hour App";
			};
			name = Debug;
		};
		B20E616B2D47DC77001B3AF6 /* Release */ = {
			isa = XCBuildConfiguration;
			buildSettings = {
				BUNDLE_LOADER = "$(TEST_HOST)";
				CODE_SIGN_STYLE = Automatic;
				CURRENT_PROJECT_VERSION = 1;
				DEVELOPMENT_TEAM = NS2WHS7X88;
				GENERATE_INFOPLIST_FILE = YES;
				IPHONEOS_DEPLOYMENT_TARGET = 18.0;
				MARKETING_VERSION = 1.0;
				PRODUCT_BUNDLE_IDENTIFIER = "Scarfy.Volunteer-Hour-AppTests";
				PRODUCT_NAME = "$(TARGET_NAME)";
				SWIFT_EMIT_LOC_STRINGS = NO;
				SWIFT_VERSION = 5.0;
				TARGETED_DEVICE_FAMILY = "1,2";
				TEST_HOST = "$(BUILT_PRODUCTS_DIR)/Volunteer Hour App.app/$(BUNDLE_EXECUTABLE_FOLDER_PATH)/Volunteer Hour App";
			};
			name = Release;
		};
		B20E616D2D47DC77001B3AF6 /* Debug */ = {
			isa = XCBuildConfiguration;
			buildSettings = {
				CODE_SIGN_STYLE = Automatic;
				CURRENT_PROJECT_VERSION = 1;
				DEVELOPMENT_TEAM = NS2WHS7X88;
				GENERATE_INFOPLIST_FILE = YES;
				MARKETING_VERSION = 1.0;
				PRODUCT_BUNDLE_IDENTIFIER = "Scarfy.Volunteer-Hour-AppUITests";
				PRODUCT_NAME = "$(TARGET_NAME)";
				SWIFT_EMIT_LOC_STRINGS = NO;
				SWIFT_VERSION = 5.0;
				TARGETED_DEVICE_FAMILY = "1,2";
				TEST_TARGET_NAME = "Volunteer Hour App";
			};
			name = Debug;
		};
		B20E616E2D47DC77001B3AF6 /* Release */ = {
			isa = XCBuildConfiguration;
			buildSettings = {
				CODE_SIGN_STYLE = Automatic;
				CURRENT_PROJECT_VERSION = 1;
				DEVELOPMENT_TEAM = NS2WHS7X88;
				GENERATE_INFOPLIST_FILE = YES;
				MARKETING_VERSION = 1.0;
				PRODUCT_BUNDLE_IDENTIFIER = "Scarfy.Volunteer-Hour-AppUITests";
				PRODUCT_NAME = "$(TARGET_NAME)";
				SWIFT_EMIT_LOC_STRINGS = NO;
				SWIFT_VERSION = 5.0;
				TARGETED_DEVICE_FAMILY = "1,2";
				TEST_TARGET_NAME = "Volunteer Hour App";
			};
			name = Release;
		};
/* End XCBuildConfiguration section */

/* Begin XCConfigurationList section */
		B20E613D2D47DC76001B3AF6 /* Build configuration list for PBXProject "Volunteer Hour App" */ = {
			isa = XCConfigurationList;
			buildConfigurations = (
				B20E61642D47DC77001B3AF6 /* Debug */,
				B20E61652D47DC77001B3AF6 /* Release */,
			);
			defaultConfigurationIsVisible = 0;
			defaultConfigurationName = Release;
		};
		B20E61662D47DC77001B3AF6 /* Build configuration list for PBXNativeTarget "Volunteer Hour App" */ = {
			isa = XCConfigurationList;
			buildConfigurations = (
				B20E61672D47DC77001B3AF6 /* Debug */,
				B20E61682D47DC77001B3AF6 /* Release */,
			);
			defaultConfigurationIsVisible = 0;
			defaultConfigurationName = Release;
		};
		B20E61692D47DC77001B3AF6 /* Build configuration list for PBXNativeTarget "Volunteer Hour AppTests" */ = {
			isa = XCConfigurationList;
			buildConfigurations = (
				B20E616A2D47DC77001B3AF6 /* Debug */,
				B20E616B2D47DC77001B3AF6 /* Release */,
			);
			defaultConfigurationIsVisible = 0;
			defaultConfigurationName = Release;
		};
		B20E616C2D47DC77001B3AF6 /* Build configuration list for PBXNativeTarget "Volunteer Hour AppUITests" */ = {
			isa = XCConfigurationList;
			buildConfigurations = (
				B20E616D2D47DC77001B3AF6 /* Debug */,
				B20E616E2D47DC77001B3AF6 /* Release */,
			);
			defaultConfigurationIsVisible = 0;
			defaultConfigurationName = Release;
		};
/* End XCConfigurationList section */
	};
	rootObject = B20E613A2D47DC76001B3AF6 /* Project object */;
}
